
Microsoft Visual Studio Solution File, Format Version 12.00
# Visual Studio Version 17
VisualStudioVersion = 17.4.33213.308
MinimumVisualStudioVersion = 10.0.40219.1
Project("{FAE04EC0-301F-11D3-BF4B-00C04F79EFBC}") = "Acco", "Acco.csproj", "{1539746D-91DF-4476-8A70-8AC4D2534C54}"
EndProject
Global
	GlobalSection(SolutionConfigurationPlatforms) = preSolution
		Debug|Any CPU = Debug|Any CPU
		Release|Any CPU = Release|Any CPU
	EndGlobalSection
	GlobalSection(ProjectConfigurationPlatforms) = postSolution
		{1539746D-91DF-4476-8A70-8AC4D2534C54}.Debug|Any CPU.ActiveCfg = Debug|Any CPU
		{1539746D-91DF-4476-8A70-8AC4D2534C54}.Debug|Any CPU.Build.0 = Debug|Any CPU
		{1539746D-91DF-4476-8A70-8AC4D2534C54}.Release|Any CPU.ActiveCfg = Release|Any CPU
		{1539746D-91DF-4476-8A70-8AC4D2534C54}.Release|Any CPU.Build.0 = Release|Any CPU
	EndGlobalSection
	GlobalSection(SolutionProperties) = preSolution
		HideSolutionNode = FALSE
	EndGlobalSection
	GlobalSection(ExtensibilityGlobals) = postSolution
		SolutionGuid = {2F710E9F-2A35-4E4C-B760-888A1CA5387E}
	EndGlobalSection
EndGlobal
